// !$*UTF8*$!
{
	archiveVersion = 1;
	classes = {
	};
	objectVersion = 50;
	objects = {

/* Begin PBXBuildFile section */
		4D10C96321AD5FBD00E361F7 /* z80defs.c in Sources */ = {isa = PBXBuildFile; fileRef = 4D10C96221AD5FBD00E361F7 /* z80defs.c */; };
		4D10C96621AD6F1C00E361F7 /* loadhex.c in Sources */ = {isa = PBXBuildFile; fileRef = 4D10C96521AD6F1C00E361F7 /* loadhex.c */; };
		4DD7B8C9216E310200E4CA39 /* z80dis.c in Sources */ = {isa = PBXBuildFile; fileRef = 4DD7B8C8216E310200E4CA39 /* z80dis.c */; };
		4DD7B8D1216E318000E4CA39 /* main.c in Sources */ = {isa = PBXBuildFile; fileRef = 4DD7B8D0216E318000E4CA39 /* main.c */; };
/* End PBXBuildFile section */

/* Begin PBXCopyFilesBuildPhase section */
		4DD7B8C3216E310200E4CA39 /* CopyFiles */ = {
			isa = PBXCopyFilesBuildPhase;
			buildActionMask = 2147483647;
			dstPath = /usr/share/man/man1/;
			dstSubfolderSpec = 0;
			files = (
			);
			runOnlyForDeploymentPostprocessing = 1;
		};
/* End PBXCopyFilesBuildPhase section */

/* Begin PBXFileReference section */
		4D10C96121AD5E6D00E361F7 /* z80dis.h */ = {isa = PBXFileReference; lastKnownFileType = sourcecode.c.h; path = z80dis.h; sourceTree = "<group>"; };
		4D10C96221AD5FBD00E361F7 /* z80defs.c */ = {isa = PBXFileReference; lastKnownFileType = sourcecode.c.c; path = z80defs.c; sourceTree = "<group>"; };
		4D10C96421AD6F1C00E361F7 /* loadhex.h */ = {isa = PBXFileReference; lastKnownFileType = sourcecode.c.h; path = loadhex.h; sourceTree = "<group>"; };
		4D10C96521AD6F1C00E361F7 /* loadhex.c */ = {isa = PBXFileReference; lastKnownFileType = sourcecode.c.c; path = loadhex.c; sourceTree = "<group>"; };
		4DD7B8C5216E310200E4CA39 /* z80dis */ = {isa = PBXFileReference; explicitFileType = "compiled.mach-o.executable"; includeInIndex = 0; path = z80dis; sourceTree = BUILT_PRODUCTS_DIR; };
		4DD7B8C8216E310200E4CA39 /* z80dis.c */ = {isa = PBXFileReference; lastKnownFileType = sourcecode.c.c; path = z80dis.c; sourceTree = "<group>"; };
		4DD7B8D0216E318000E4CA39 /* main.c */ = {isa = PBXFileReference; lastKnownFileType = sourcecode.c.c; path = main.c; sourceTree = "<group>"; };
/* End PBXFileReference section */

/* Begin PBXFrameworksBuildPhase section */
		4DD7B8C2216E310200E4CA39 /* Frameworks */ = {
			isa = PBXFrameworksBuildPhase;
			buildActionMask = 2147483647;
			files = (
			);
			runOnlyForDeploymentPostprocessing = 0;
		};
/* End PBXFrameworksBuildPhase section */

/* Begin PBXGroup section */
		4DD7B8BC216E310200E4CA39 = {
			isa = PBXGroup;
			children = (
				4DD7B8C7216E310200E4CA39 /* z80dis */,
				4DD7B8C6216E310200E4CA39 /* Products */,
			);
			sourceTree = "<group>";
		};
		4DD7B8C6216E310200E4CA39 /* Products */ = {
			isa = PBXGroup;
			children = (
				4DD7B8C5216E310200E4CA39 /* z80dis */,
			);
			name = Products;
			sourceTree = "<group>";
		};
		4DD7B8C7216E310200E4CA39 /* z80dis */ = {
			isa = PBXGroup;
			children = (
				4D10C96121AD5E6D00E361F7 /* z80dis.h */,
				4D10C96221AD5FBD00E361F7 /* z80defs.c */,
				4DD7B8C8216E310200E4CA39 /* z80dis.c */,
				4DD7B8D0216E318000E4CA39 /* main.c */,
				4D10C96421AD6F1C00E361F7 /* loadhex.h */,
				4D10C96521AD6F1C00E361F7 /* loadhex.c */,
			);
			path = z80dis;
			sourceTree = "<group>";
		};
/* End PBXGroup section */

/* Begin PBXNativeTarget section */
		4DD7B8C4216E310200E4CA39 /* z80dis */ = {
			isa = PBXNativeTarget;
			buildConfigurationList = 4DD7B8CC216E310200E4CA39 /* Build configuration list for PBXNativeTarget "z80dis" */;
			buildPhases = (
				4DD7B8C1216E310200E4CA39 /* Sources */,
				4DD7B8C2216E310200E4CA39 /* Frameworks */,
				4DD7B8C3216E310200E4CA39 /* CopyFiles */,
			);
			buildRules = (
			);
			dependencies = (
			);
			name = z80dis;
			productName = z80dis;
			productReference = 4DD7B8C5216E310200E4CA39 /* z80dis */;
			productType = "com.apple.product-type.tool";
		};
/* End PBXNativeTarget section */

/* Begin PBXProject section */
		4DD7B8BD216E310200E4CA39 /* Project object */ = {
			isa = PBXProject;
			attributes = {
				LastUpgradeCheck = 1100;
				ORGANIZATIONNAME = Garetech;
				TargetAttributes = {
					4DD7B8C4216E310200E4CA39 = {
						CreatedOnToolsVersion = 10.0;
					};
				};
			};
			buildConfigurationList = 4DD7B8C0216E310200E4CA39 /* Build configuration list for PBXProject "z80dis" */;
			compatibilityVersion = "Xcode 9.3";
			developmentRegion = en;
			hasScannedForEncodings = 0;
			knownRegions = (
				en,
			);
			mainGroup = 4DD7B8BC216E310200E4CA39;
			productRefGroup = 4DD7B8C6216E310200E4CA39 /* Products */;
			projectDirPath = "";
			projectRoot = "";
			targets = (
				4DD7B8C4216E310200E4CA39 /* z80dis */,
			);
		};
/* End PBXProject section */

/* Begin PBXSourcesBuildPhase section */
		4DD7B8C1216E310200E4CA39 /* Sources */ = {
			isa = PBXSourcesBuildPhase;
			buildActionMask = 2147483647;
			files = (
				4DD7B8D1216E318000E4CA39 /* main.c in Sources */,
				4DD7B8C9216E310200E4CA39 /* z80dis.c in Sources */,
				4D10C96321AD5FBD00E361F7 /* z80defs.c in Sources */,
				4D10C96621AD6F1C00E361F7 /* loadhex.c in Sources */,
			);
			runOnlyForDeploymentPostprocessing = 0;
		};
/* End PBXSourcesBuildPhase section */

/* Begin XCBuildConfiguration section */
		4DD7B8CA216E310200E4CA39 /* Debug */ = {
			isa = XCBuildConfiguration;
			buildSettings = {
				ALWAYS_SEARCH_USER_PATHS = NO;
				CLANG_ANALYZER_NONNULL = YES;
				CLANG_ANALYZER_NUMBER_OBJECT_CONVERSION = YES_AGGRESSIVE;
				CLANG_CXX_LANGUAGE_STANDARD = "gnu++14";
				CLANG_CXX_LIBRARY = "libc++";
				CLANG_ENABLE_MODULES = YES;
				CLANG_ENABLE_OBJC_ARC = YES;
				CLANG_ENABLE_OBJC_WEAK = YES;
				CLANG_WARN_BLOCK_CAPTURE_AUTORELEASING = YES;
				CLANG_WARN_BOOL_CONVERSION = YES;
				CLANG_WARN_COMMA = YES;
				CLANG_WARN_CONSTANT_CONVERSION = YES;
				CLANG_WARN_DEPRECATED_OBJC_IMPLEMENTATIONS = YES;
				CLANG_WARN_DIRECT_OBJC_ISA_USAGE = YES_ERROR;
				CLANG_WARN_DOCUMENTATION_COMMENTS = YES;
				CLANG_WARN_EMPTY_BODY = YES;
				CLANG_WARN_ENUM_CONVERSION = YES;
				CLANG_WARN_INFINITE_RECURSION = YES;
				CLANG_WARN_INT_CONVERSION = YES;
				CLANG_WARN_NON_LITERAL_NULL_CONVERSION = YES;
				CLANG_WARN_OBJC_IMPLICIT_RETAIN_SELF = YES;
				CLANG_WARN_OBJC_LITERAL_CONVERSION = YES;
				CLANG_WARN_OBJC_ROOT_CLASS = YES_ERROR;
				CLANG_WARN_RANGE_LOOP_ANALYSIS = YES;
				CLANG_WARN_STRICT_PROTOTYPES = YES;
				CLANG_WARN_SUSPICIOUS_MOVE = YES;
				CLANG_WARN_UNGUARDED_AVAILABILITY = YES_AGGRESSIVE;
				CLANG_WARN_UNREACHABLE_CODE = YES;
				CLANG_WARN__DUPLICATE_METHOD_MATCH = YES;
				CODE_SIGN_IDENTITY = "-";
				COPY_PHASE_STRIP = NO;
				DEBUG_INFORMATION_FORMAT = dwarf;
				ENABLE_STRICT_OBJC_MSGSEND = YES;
				ENABLE_TESTABILITY = YES;
				GCC_C_LANGUAGE_STANDARD = gnu11;
				GCC_DYNAMIC_NO_PIC = NO;
				GCC_NO_COMMON_BLOCKS = YES;
				GCC_OPTIMIZATION_LEVEL = 0;
				GCC_PREPROCESSOR_DEFINITIONS = (
					"DEBUG=1",
					"$(inherited)",
				);
				GCC_WARN_64_TO_32_BIT_CONVERSION = YES;
				GCC_WARN_ABOUT_RETURN_TYPE = YES_ERROR;
				GCC_WARN_UNDECLARED_SELECTOR = YES;
				GCC_WARN_UNINITIALIZED_AUTOS = YES_AGGRESSIVE;
				GCC_WARN_UNUSED_FUNCTION = YES;
				GCC_WARN_UNUSED_VARIABLE = YES;
				MACOSX_DEPLOYMENT_TARGET = 10.13;
				MTL_ENABLE_DEBUG_INFO = INCLUDE_SOURCE;
				MTL_FAST_MATH = YES;
				ONLY_ACTIVE_ARCH = YES;
				SDKROOT = macosx;
			};
			name = Debug;
		};
		4DD7B8CB216E310200E4CA39 /* Release */ = {
			isa = XCBuildConfiguration;
			buildSettings = {
				ALWAYS_SEARCH_USER_PATHS = NO;
				CLANG_ANALYZER_NONNULL = YES;
				CLANG_ANALYZER_NUMBER_OBJECT_CONVERSION = YES_AGGRESSIVE;
				CLANG_CXX_LANGUAGE_STANDARD = "gnu++14";
				CLANG_CXX_LIBRARY = "libc++";
				CLANG_ENABLE_MODULES = YES;
				CLANG_ENABLE_OBJC_ARC = YES;
				CLANG_ENABLE_OBJC_WEAK = YES;
				CLANG_WARN_BLOCK_CAPTURE_AUTORELEASING = YES;
				CLANG_WARN_BOOL_CONVERSION = YES;
				CLANG_WARN_COMMA = YES;
				CLANG_WARN_CONSTANT_CONVERSION = YES;
				CLANG_WARN_DEPRECATED_OBJC_IMPLEMENTATIONS = YES;
				CLANG_WARN_DIRECT_OBJC_ISA_USAGE = YES_ERROR;
				CLANG_WARN_DOCUMENTATION_COMMENTS = YES;
				CLANG_WARN_EMPTY_BODY = YES;
				CLANG_WARN_ENUM_CONVERSION = YES;
				CLANG_WARN_INFINITE_RECURSION = YES;
				CLANG_WARN_INT_CONVERSION = YES;
				CLANG_WARN_NON_LITERAL_NULL_CONVERSION = YES;
				CLANG_WARN_OBJC_IMPLICIT_RETAIN_SELF = YES;
				CLANG_WARN_OBJC_LITERAL_CONVERSION = YES;
				CLANG_WARN_OBJC_ROOT_CLASS = YES_ERROR;
				CLANG_WARN_RANGE_LOOP_ANALYSIS = YES;
				CLANG_WARN_STRICT_PROTOTYPES = YES;
				CLANG_WARN_SUSPICIOUS_MOVE = YES;
				CLANG_WARN_UNGUARDED_AVAILABILITY = YES_AGGRESSIVE;
				CLANG_WARN_UNREACHABLE_CODE = YES;
				CLANG_WARN__DUPLICATE_METHOD_MATCH = YES;
				CODE_SIGN_IDENTITY = "-";
				COPY_PHASE_STRIP = NO;
				DEBUG_INFORMATION_FORMAT = "dwarf-with-dsym";
				ENABLE_NS_ASSERTIONS = NO;
				ENABLE_STRICT_OBJC_MSGSEND = YES;
				GCC_C_LANGUAGE_STANDARD = gnu11;
				GCC_NO_COMMON_BLOCKS = YES;
				GCC_WARN_64_TO_32_BIT_CONVERSION = YES;
				GCC_WARN_ABOUT_RETURN_TYPE = YES_ERROR;
				GCC_WARN_UNDECLARED_SELECTOR = YES;
				GCC_WARN_UNINITIALIZED_AUTOS = YES_AGGRESSIVE;
				GCC_WARN_UNUSED_FUNCTION = YES;
				GCC_WARN_UNUSED_VARIABLE = YES;
				MACOSX_DEPLOYMENT_TARGET = 10.13;
				MTL_ENABLE_DEBUG_INFO = NO;
				MTL_FAST_MATH = YES;
				SDKROOT = macosx;
			};
			name = Release;
		};
		4DD7B8CD216E310200E4CA39 /* Debug */ = {
			isa = XCBuildConfiguration;
			buildSettings = {
				CODE_SIGN_STYLE = Automatic;
				PRODUCT_NAME = "$(TARGET_NAME)";
			};
			name = Debug;
		};
		4DD7B8CE216E310200E4CA39 /* Release */ = {
			isa = XCBuildConfiguration;
			buildSettings = {
				CODE_SIGN_STYLE = Automatic;
				PRODUCT_NAME = "$(TARGET_NAME)";
			};
			name = Release;
		};
/* End XCBuildConfiguration section */

/* Begin XCConfigurationList section */
		4DD7B8C0216E310200E4CA39 /* Build configuration list for PBXProject "z80dis" */ = {
			isa = XCConfigurationList;
			buildConfigurations = (
				4DD7B8CA216E310200E4CA39 /* Debug */,
				4DD7B8CB216E310200E4CA39 /* Release */,
			);
			defaultConfigurationIsVisible = 0;
			defaultConfigurationName = Release;
		};
		4DD7B8CC216E310200E4CA39 /* Build configuration list for PBXNativeTarget "z80dis" */ = {
			isa = XCConfigurationList;
			buildConfigurations = (
				4DD7B8CD216E310200E4CA39 /* Debug */,
				4DD7B8CE216E310200E4CA39 /* Release */,
			);
			defaultConfigurationIsVisible = 0;
			defaultConfigurationName = Release;
		};
/* End XCConfigurationList section */
	};
	rootObject = 4DD7B8BD216E310200E4CA39 /* Project object */;
}
